
Microsoft Visual Studio Solution File, Format Version 12.00
# Visual Studio Version 17
VisualStudioVersion = 17.14.36511.14 d17.14
MinimumVisualStudioVersion = 10.0.40219.1
Project("{FAE04EC0-301F-11D3-BF4B-00C04F79EFBC}") = "Bài1", "Bài1\Bài1.csproj", "{129E8CF9-F7E9-4176-948A-21E6E53624FC}"
EndProject
Global
	GlobalSection(SolutionConfigurationPlatforms) = preSolution
		Debug|Any CPU = Debug|Any CPU
		Release|Any CPU = Release|Any CPU
	EndGlobalSection
	GlobalSection(ProjectConfigurationPlatforms) = postSolution
		{129E8CF9-F7E9-4176-948A-21E6E53624FC}.Debug|Any CPU.ActiveCfg = Debug|Any CPU
		{129E8CF9-F7E9-4176-948A-21E6E53624FC}.Debug|Any CPU.Build.0 = Debug|Any CPU
		{129E8CF9-F7E9-4176-948A-21E6E53624FC}.Release|Any CPU.ActiveCfg = Release|Any CPU
		{129E8CF9-F7E9-4176-948A-21E6E53624FC}.Release|Any CPU.Build.0 = Release|Any CPU
	EndGlobalSection
	GlobalSection(SolutionProperties) = preSolution
		HideSolutionNode = FALSE
	EndGlobalSection
	GlobalSection(ExtensibilityGlobals) = postSolution
		SolutionGuid = {4C1637C6-D09D-4F5B-9A41-2B71330D0824}
	EndGlobalSection
EndGlobal
