
Microsoft Visual Studio Solution File, Format Version 12.00
# Visual Studio Version 17
VisualStudioVersion = 17.14.36511.14 d17.14
MinimumVisualStudioVersion = 10.0.40219.1
Project("{FAE04EC0-301F-11D3-BF4B-00C04F79EFBC}") = "bài 3", "bài 3.csproj", "{2A19C81E-44D7-4AFF-BE97-EE3FBFBEAD3F}"
EndProject
Global
	GlobalSection(SolutionConfigurationPlatforms) = preSolution
		Debug|Any CPU = Debug|Any CPU
		Release|Any CPU = Release|Any CPU
	EndGlobalSection
	GlobalSection(ProjectConfigurationPlatforms) = postSolution
		{2A19C81E-44D7-4AFF-BE97-EE3FBFBEAD3F}.Debug|Any CPU.ActiveCfg = Debug|Any CPU
		{2A19C81E-44D7-4AFF-BE97-EE3FBFBEAD3F}.Debug|Any CPU.Build.0 = Debug|Any CPU
		{2A19C81E-44D7-4AFF-BE97-EE3FBFBEAD3F}.Release|Any CPU.ActiveCfg = Release|Any CPU
		{2A19C81E-44D7-4AFF-BE97-EE3FBFBEAD3F}.Release|Any CPU.Build.0 = Release|Any CPU
	EndGlobalSection
	GlobalSection(SolutionProperties) = preSolution
		HideSolutionNode = FALSE
	EndGlobalSection
	GlobalSection(ExtensibilityGlobals) = postSolution
		SolutionGuid = {37E69D5E-17CA-4675-91EA-FE2DC77CB557}
	EndGlobalSection
EndGlobal
